// !$*UTF8*$!
{
	archiveVersion = 1;
	classes = {
	};
	objectVersion = 50;
	objects = {

/* Begin PBXBuildFile section */
		B59CB75A21B6643F009E02AE /* AppDelegate.swift in Sources */ = {isa = PBXBuildFile; fileRef = B59CB75921B6643F009E02AE /* AppDelegate.swift */; };
		B59CB75E21B66442009E02AE /* Assets.xcassets in Resources */ = {isa = PBXBuildFile; fileRef = B59CB75D21B66442009E02AE /* Assets.xcassets */; };
		B59CB76121B66442009E02AE /* Main.storyboard in Resources */ = {isa = PBXBuildFile; fileRef = B59CB75F21B66442009E02AE /* Main.storyboard */; };
		B59CB77321B7AF5A009E02AE /* El Capitan.jpg in Resources */ = {isa = PBXBuildFile; fileRef = B59CB77221B7AF5A009E02AE /* El Capitan.jpg */; };
		B59CB77521B7BEEF009E02AE /* SidebarViewController.swift in Sources */ = {isa = PBXBuildFile; fileRef = B59CB77421B7BEEF009E02AE /* SidebarViewController.swift */; };
		B59CB77D21BA646C009E02AE /* WIndowSplitViewController.swift in Sources */ = {isa = PBXBuildFile; fileRef = B59CB77C21BA646C009E02AE /* WIndowSplitViewController.swift */; };
		B59CB77F21BA90BC009E02AE /* ImageInspectorViewController.swift in Sources */ = {isa = PBXBuildFile; fileRef = B59CB77E21BA90BC009E02AE /* ImageInspectorViewController.swift */; };
		B59CB78221BE5320009E02AE /* AAAreaViewController.swift in Sources */ = {isa = PBXBuildFile; fileRef = B59CB78121BE5320009E02AE /* AAAreaViewController.swift */; };
		B59CB78421BE5523009E02AE /* AAPropertyModel.swift in Sources */ = {isa = PBXBuildFile; fileRef = B59CB78321BE5523009E02AE /* AAPropertyModel.swift */; };
		B59CB78621BE5F42009E02AE /* MainWindowController.swift in Sources */ = {isa = PBXBuildFile; fileRef = B59CB78521BE5F42009E02AE /* MainWindowController.swift */; };
		B5D80A9D21C3715700C8CB1E /* CreateAAModel.swift in Sources */ = {isa = PBXBuildFile; fileRef = B5D80A9C21C3715700C8CB1E /* CreateAAModel.swift */; };
/* End PBXBuildFile section */

/* Begin PBXFileReference section */
		B59CB75621B6643F009E02AE /* Letters2.app */ = {isa = PBXFileReference; explicitFileType = wrapper.application; includeInIndex = 0; path = Letters2.app; sourceTree = BUILT_PRODUCTS_DIR; };
		B59CB75921B6643F009E02AE /* AppDelegate.swift */ = {isa = PBXFileReference; lastKnownFileType = sourcecode.swift; path = AppDelegate.swift; sourceTree = "<group>"; };
		B59CB75D21B66442009E02AE /* Assets.xcassets */ = {isa = PBXFileReference; lastKnownFileType = folder.assetcatalog; path = Assets.xcassets; sourceTree = "<group>"; };
		B59CB76021B66442009E02AE /* Base */ = {isa = PBXFileReference; lastKnownFileType = file.storyboard; name = Base; path = Base.lproj/Main.storyboard; sourceTree = "<group>"; };
		B59CB76221B66442009E02AE /* Info.plist */ = {isa = PBXFileReference; lastKnownFileType = text.plist.xml; path = Info.plist; sourceTree = "<group>"; };
		B59CB76321B66442009E02AE /* Letters2.entitlements */ = {isa = PBXFileReference; lastKnownFileType = text.plist.entitlements; path = Letters2.entitlements; sourceTree = "<group>"; };
		B59CB77221B7AF5A009E02AE /* El Capitan.jpg */ = {isa = PBXFileReference; lastKnownFileType = image.jpeg; name = "El Capitan.jpg"; path = "../../../../../Pictures/Desktop Pictures(High Sierra)/El Capitan.jpg"; sourceTree = "<group>"; };
		B59CB77421B7BEEF009E02AE /* SidebarViewController.swift */ = {isa = PBXFileReference; lastKnownFileType = sourcecode.swift; path = SidebarViewController.swift; sourceTree = "<group>"; };
		B59CB77C21BA646C009E02AE /* WIndowSplitViewController.swift */ = {isa = PBXFileReference; lastKnownFileType = sourcecode.swift; path = WIndowSplitViewController.swift; sourceTree = "<group>"; };
		B59CB77E21BA90BC009E02AE /* ImageInspectorViewController.swift */ = {isa = PBXFileReference; lastKnownFileType = sourcecode.swift; path = ImageInspectorViewController.swift; sourceTree = "<group>"; };
		B59CB78121BE5320009E02AE /* AAAreaViewController.swift */ = {isa = PBXFileReference; lastKnownFileType = sourcecode.swift; path = AAAreaViewController.swift; sourceTree = "<group>"; };
		B59CB78321BE5523009E02AE /* AAPropertyModel.swift */ = {isa = PBXFileReference; lastKnownFileType = sourcecode.swift; path = AAPropertyModel.swift; sourceTree = "<group>"; };
		B59CB78521BE5F42009E02AE /* MainWindowController.swift */ = {isa = PBXFileReference; lastKnownFileType = sourcecode.swift; path = MainWindowController.swift; sourceTree = "<group>"; };
		B5D80A9C21C3715700C8CB1E /* CreateAAModel.swift */ = {isa = PBXFileReference; lastKnownFileType = sourcecode.swift; path = CreateAAModel.swift; sourceTree = "<group>"; };
/* End PBXFileReference section */

/* Begin PBXFrameworksBuildPhase section */
		B59CB75321B6643F009E02AE /* Frameworks */ = {
			isa = PBXFrameworksBuildPhase;
			buildActionMask = 2147483647;
			files = (
			);
			runOnlyForDeploymentPostprocessing = 0;
		};
/* End PBXFrameworksBuildPhase section */

/* Begin PBXGroup section */
		B59CB74D21B6643F009E02AE = {
			isa = PBXGroup;
			children = (
				B59CB75821B6643F009E02AE /* Letters2 */,
				B59CB75721B6643F009E02AE /* Products */,
			);
			sourceTree = "<group>";
		};
		B59CB75721B6643F009E02AE /* Products */ = {
			isa = PBXGroup;
			children = (
				B59CB75621B6643F009E02AE /* Letters2.app */,
			);
			name = Products;
			sourceTree = "<group>";
		};
		B59CB75821B6643F009E02AE /* Letters2 */ = {
			isa = PBXGroup;
			children = (
				B59CB76921B66773009E02AE /* Sources */,
				B59CB76F21B66893009E02AE /* Supporting Files */,
				B59CB76B21B667BC009E02AE /* Resources */,
			);
			path = Letters2;
			sourceTree = "<group>";
		};
		B59CB76921B66773009E02AE /* Sources */ = {
			isa = PBXGroup;
			children = (
				B59CB78821C25514009E02AE /* Model */,
				B59CB77021B66911009E02AE /* MainWIndow */,
				B59CB76C21B667ED009E02AE /* Application */,
			);
			name = Sources;
			sourceTree = "<group>";
		};
		B59CB76B21B667BC009E02AE /* Resources */ = {
			isa = PBXGroup;
			children = (
				B59CB75F21B66442009E02AE /* Main.storyboard */,
				B59CB77221B7AF5A009E02AE /* El Capitan.jpg */,
				B59CB75D21B66442009E02AE /* Assets.xcassets */,
			);
			path = Resources;
			sourceTree = "<group>";
		};
		B59CB76C21B667ED009E02AE /* Application */ = {
			isa = PBXGroup;
			children = (
				B59CB75921B6643F009E02AE /* AppDelegate.swift */,
			);
			name = Application;
			sourceTree = "<group>";
		};
		B59CB76F21B66893009E02AE /* Supporting Files */ = {
			isa = PBXGroup;
			children = (
				B59CB76221B66442009E02AE /* Info.plist */,
				B59CB76321B66442009E02AE /* Letters2.entitlements */,
			);
			name = "Supporting Files";
			sourceTree = "<group>";
		};
		B59CB77021B66911009E02AE /* MainWIndow */ = {
			isa = PBXGroup;
			children = (
				B59CB78721C22238009E02AE /* SplitViewController */,
				B59CB78021BE5300009E02AE /* AAArea */,
				B59CB77121B7A6EA009E02AE /* Sidebar */,
				B59CB78521BE5F42009E02AE /* MainWindowController.swift */,
			);
			name = MainWIndow;
			sourceTree = "<group>";
		};
		B59CB77121B7A6EA009E02AE /* Sidebar */ = {
			isa = PBXGroup;
			children = (
				B59CB77E21BA90BC009E02AE /* ImageInspectorViewController.swift */,
				B59CB77421B7BEEF009E02AE /* SidebarViewController.swift */,
			);
			name = Sidebar;
			sourceTree = "<group>";
		};
		B59CB78021BE5300009E02AE /* AAArea */ = {
			isa = PBXGroup;
			children = (
				B59CB78121BE5320009E02AE /* AAAreaViewController.swift */,
			);
			name = AAArea;
			sourceTree = "<group>";
		};
		B59CB78721C22238009E02AE /* SplitViewController */ = {
			isa = PBXGroup;
			children = (
				B59CB77C21BA646C009E02AE /* WIndowSplitViewController.swift */,
			);
			name = SplitViewController;
			sourceTree = "<group>";
		};
		B59CB78821C25514009E02AE /* Model */ = {
			isa = PBXGroup;
			children = (
				B59CB78321BE5523009E02AE /* AAPropertyModel.swift */,
				B5D80A9C21C3715700C8CB1E /* CreateAAModel.swift */,
			);
			name = Model;
			sourceTree = "<group>";
		};
/* End PBXGroup section */

/* Begin PBXNativeTarget section */
		B59CB75521B6643F009E02AE /* Letters2 */ = {
			isa = PBXNativeTarget;
			buildConfigurationList = B59CB76621B66442009E02AE /* Build configuration list for PBXNativeTarget "Letters2" */;
			buildPhases = (
				B59CB75221B6643F009E02AE /* Sources */,
				B59CB75321B6643F009E02AE /* Frameworks */,
				B59CB75421B6643F009E02AE /* Resources */,
			);
			buildRules = (
			);
			dependencies = (
			);
			name = Letters2;
			productName = Letters2;
			productReference = B59CB75621B6643F009E02AE /* Letters2.app */;
			productType = "com.apple.product-type.application";
		};
/* End PBXNativeTarget section */

/* Begin PBXProject section */
		B59CB74E21B6643F009E02AE /* Project object */ = {
			isa = PBXProject;
			attributes = {
				LastSwiftUpdateCheck = 1010;
				LastUpgradeCheck = 1010;
				ORGANIZATIONNAME = "Shimokochi Shoma";
				TargetAttributes = {
					B59CB75521B6643F009E02AE = {
						CreatedOnToolsVersion = 10.1;
					};
				};
			};
			buildConfigurationList = B59CB75121B6643F009E02AE /* Build configuration list for PBXProject "Letters2" */;
			compatibilityVersion = "Xcode 9.3";
			developmentRegion = en;
			hasScannedForEncodings = 0;
			knownRegions = (
				en,
				Base,
			);
			mainGroup = B59CB74D21B6643F009E02AE;
			productRefGroup = B59CB75721B6643F009E02AE /* Products */;
			projectDirPath = "";
			projectRoot = "";
			targets = (
				B59CB75521B6643F009E02AE /* Letters2 */,
			);
		};
/* End PBXProject section */

/* Begin PBXResourcesBuildPhase section */
		B59CB75421B6643F009E02AE /* Resources */ = {
			isa = PBXResourcesBuildPhase;
			buildActionMask = 2147483647;
			files = (
				B59CB77321B7AF5A009E02AE /* El Capitan.jpg in Resources */,
				B59CB75E21B66442009E02AE /* Assets.xcassets in Resources */,
				B59CB76121B66442009E02AE /* Main.storyboard in Resources */,
			);
			runOnlyForDeploymentPostprocessing = 0;
		};
/* End PBXResourcesBuildPhase section */

/* Begin PBXSourcesBuildPhase section */
		B59CB75221B6643F009E02AE /* Sources */ = {
			isa = PBXSourcesBuildPhase;
			buildActionMask = 2147483647;
			files = (
				B59CB77521B7BEEF009E02AE /* SidebarViewController.swift in Sources */,
				B59CB77D21BA646C009E02AE /* WIndowSplitViewController.swift in Sources */,
				B59CB77F21BA90BC009E02AE /* ImageInspectorViewController.swift in Sources */,
				B59CB75A21B6643F009E02AE /* AppDelegate.swift in Sources */,
				B59CB78421BE5523009E02AE /* AAPropertyModel.swift in Sources */,
				B5D80A9D21C3715700C8CB1E /* CreateAAModel.swift in Sources */,
				B59CB78621BE5F42009E02AE /* MainWindowController.swift in Sources */,
				B59CB78221BE5320009E02AE /* AAAreaViewController.swift in Sources */,
			);
			runOnlyForDeploymentPostprocessing = 0;
		};
/* End PBXSourcesBuildPhase section */

/* Begin PBXVariantGroup section */
		B59CB75F21B66442009E02AE /* Main.storyboard */ = {
			isa = PBXVariantGroup;
			children = (
				B59CB76021B66442009E02AE /* Base */,
			);
			name = Main.storyboard;
			sourceTree = "<group>";
		};
/* End PBXVariantGroup section */

/* Begin XCBuildConfiguration section */
		B59CB76421B66442009E02AE /* Debug */ = {
			isa = XCBuildConfiguration;
			buildSettings = {
				ALWAYS_SEARCH_USER_PATHS = NO;
				CLANG_ANALYZER_NONNULL = YES;
				CLANG_ANALYZER_NUMBER_OBJECT_CONVERSION = YES_AGGRESSIVE;
				CLANG_CXX_LANGUAGE_STANDARD = "gnu++14";
				CLANG_CXX_LIBRARY = "libc++";
				CLANG_ENABLE_MODULES = YES;
				CLANG_ENABLE_OBJC_ARC = YES;
				CLANG_ENABLE_OBJC_WEAK = YES;
				CLANG_WARN_BLOCK_CAPTURE_AUTORELEASING = YES;
				CLANG_WARN_BOOL_CONVERSION = YES;
				CLANG_WARN_COMMA = YES;
				CLANG_WARN_CONSTANT_CONVERSION = YES;
				CLANG_WARN_DEPRECATED_OBJC_IMPLEMENTATIONS = YES;
				CLANG_WARN_DIRECT_OBJC_ISA_USAGE = YES_ERROR;
				CLANG_WARN_DOCUMENTATION_COMMENTS = YES;
				CLANG_WARN_EMPTY_BODY = YES;
				CLANG_WARN_ENUM_CONVERSION = YES;
				CLANG_WARN_INFINITE_RECURSION = YES;
				CLANG_WARN_INT_CONVERSION = YES;
				CLANG_WARN_NON_LITERAL_NULL_CONVERSION = YES;
				CLANG_WARN_OBJC_IMPLICIT_RETAIN_SELF = YES;
				CLANG_WARN_OBJC_LITERAL_CONVERSION = YES;
				CLANG_WARN_OBJC_ROOT_CLASS = YES_ERROR;
				CLANG_WARN_RANGE_LOOP_ANALYSIS = YES;
				CLANG_WARN_STRICT_PROTOTYPES = YES;
				CLANG_WARN_SUSPICIOUS_MOVE = YES;
				CLANG_WARN_UNGUARDED_AVAILABILITY = YES_AGGRESSIVE;
				CLANG_WARN_UNREACHABLE_CODE = YES;
				CLANG_WARN__DUPLICATE_METHOD_MATCH = YES;
				CODE_SIGN_IDENTITY = "-";
				COPY_PHASE_STRIP = NO;
				DEBUG_INFORMATION_FORMAT = dwarf;
				ENABLE_STRICT_OBJC_MSGSEND = YES;
				ENABLE_TESTABILITY = YES;
				GCC_C_LANGUAGE_STANDARD = gnu11;
				GCC_DYNAMIC_NO_PIC = NO;
				GCC_NO_COMMON_BLOCKS = YES;
				GCC_OPTIMIZATION_LEVEL = 0;
				GCC_PREPROCESSOR_DEFINITIONS = (
					"DEBUG=1",
					"$(inherited)",
				);
				GCC_WARN_64_TO_32_BIT_CONVERSION = YES;
				GCC_WARN_ABOUT_RETURN_TYPE = YES_ERROR;
				GCC_WARN_UNDECLARED_SELECTOR = YES;
				GCC_WARN_UNINITIALIZED_AUTOS = YES_AGGRESSIVE;
				GCC_WARN_UNUSED_FUNCTION = YES;
				GCC_WARN_UNUSED_VARIABLE = YES;
				MACOSX_DEPLOYMENT_TARGET = 10.14;
				MTL_ENABLE_DEBUG_INFO = INCLUDE_SOURCE;
				MTL_FAST_MATH = YES;
				ONLY_ACTIVE_ARCH = YES;
				SDKROOT = macosx;
				SWIFT_ACTIVE_COMPILATION_CONDITIONS = DEBUG;
				SWIFT_OPTIMIZATION_LEVEL = "-Onone";
			};
			name = Debug;
		};
		B59CB76521B66442009E02AE /* Release */ = {
			isa = XCBuildConfiguration;
			buildSettings = {
				ALWAYS_SEARCH_USER_PATHS = NO;
				CLANG_ANALYZER_NONNULL = YES;
				CLANG_ANALYZER_NUMBER_OBJECT_CONVERSION = YES_AGGRESSIVE;
				CLANG_CXX_LANGUAGE_STANDARD = "gnu++14";
				CLANG_CXX_LIBRARY = "libc++";
				CLANG_ENABLE_MODULES = YES;
				CLANG_ENABLE_OBJC_ARC = YES;
				CLANG_ENABLE_OBJC_WEAK = YES;
				CLANG_WARN_BLOCK_CAPTURE_AUTORELEASING = YES;
				CLANG_WARN_BOOL_CONVERSION = YES;
				CLANG_WARN_COMMA = YES;
				CLANG_WARN_CONSTANT_CONVERSION = YES;
				CLANG_WARN_DEPRECATED_OBJC_IMPLEMENTATIONS = YES;
				CLANG_WARN_DIRECT_OBJC_ISA_USAGE = YES_ERROR;
				CLANG_WARN_DOCUMENTATION_COMMENTS = YES;
				CLANG_WARN_EMPTY_BODY = YES;
				CLANG_WARN_ENUM_CONVERSION = YES;
				CLANG_WARN_INFINITE_RECURSION = YES;
				CLANG_WARN_INT_CONVERSION = YES;
				CLANG_WARN_NON_LITERAL_NULL_CONVERSION = YES;
				CLANG_WARN_OBJC_IMPLICIT_RETAIN_SELF = YES;
				CLANG_WARN_OBJC_LITERAL_CONVERSION = YES;
				CLANG_WARN_OBJC_ROOT_CLASS = YES_ERROR;
				CLANG_WARN_RANGE_LOOP_ANALYSIS = YES;
				CLANG_WARN_STRICT_PROTOTYPES = YES;
				CLANG_WARN_SUSPICIOUS_MOVE = YES;
				CLANG_WARN_UNGUARDED_AVAILABILITY = YES_AGGRESSIVE;
				CLANG_WARN_UNREACHABLE_CODE = YES;
				CLANG_WARN__DUPLICATE_METHOD_MATCH = YES;
				CODE_SIGN_IDENTITY = "-";
				COPY_PHASE_STRIP = NO;
				DEBUG_INFORMATION_FORMAT = "dwarf-with-dsym";
				ENABLE_NS_ASSERTIONS = NO;
				ENABLE_STRICT_OBJC_MSGSEND = YES;
				GCC_C_LANGUAGE_STANDARD = gnu11;
				GCC_NO_COMMON_BLOCKS = YES;
				GCC_WARN_64_TO_32_BIT_CONVERSION = YES;
				GCC_WARN_ABOUT_RETURN_TYPE = YES_ERROR;
				GCC_WARN_UNDECLARED_SELECTOR = YES;
				GCC_WARN_UNINITIALIZED_AUTOS = YES_AGGRESSIVE;
				GCC_WARN_UNUSED_FUNCTION = YES;
				GCC_WARN_UNUSED_VARIABLE = YES;
				MACOSX_DEPLOYMENT_TARGET = 10.14;
				MTL_ENABLE_DEBUG_INFO = NO;
				MTL_FAST_MATH = YES;
				SDKROOT = macosx;
				SWIFT_COMPILATION_MODE = wholemodule;
				SWIFT_OPTIMIZATION_LEVEL = "-O";
			};
			name = Release;
		};
		B59CB76721B66442009E02AE /* Debug */ = {
			isa = XCBuildConfiguration;
			buildSettings = {
				ASSETCATALOG_COMPILER_APPICON_NAME = AppIcon;
				CODE_SIGN_ENTITLEMENTS = Letters2/Letters2.entitlements;
				CODE_SIGN_STYLE = Automatic;
				COMBINE_HIDPI_IMAGES = YES;
				INFOPLIST_FILE = Letters2/Info.plist;
				LD_RUNPATH_SEARCH_PATHS = (
					"$(inherited)",
					"@executable_path/../Frameworks",
				);
				PRODUCT_BUNDLE_IDENTIFIER = shimoshimo.Letters2;
				PRODUCT_NAME = "$(TARGET_NAME)";
				SWIFT_VERSION = 4.2;
			};
			name = Debug;
		};
		B59CB76821B66442009E02AE /* Release */ = {
			isa = XCBuildConfiguration;
			buildSettings = {
				ASSETCATALOG_COMPILER_APPICON_NAME = AppIcon;
				CODE_SIGN_ENTITLEMENTS = Letters2/Letters2.entitlements;
				CODE_SIGN_STYLE = Automatic;
				COMBINE_HIDPI_IMAGES = YES;
				INFOPLIST_FILE = Letters2/Info.plist;
				LD_RUNPATH_SEARCH_PATHS = (
					"$(inherited)",
					"@executable_path/../Frameworks",
				);
				PRODUCT_BUNDLE_IDENTIFIER = shimoshimo.Letters2;
				PRODUCT_NAME = "$(TARGET_NAME)";
				SWIFT_VERSION = 4.2;
			};
			name = Release;
		};
/* End XCBuildConfiguration section */

/* Begin XCConfigurationList section */
		B59CB75121B6643F009E02AE /* Build configuration list for PBXProject "Letters2" */ = {
			isa = XCConfigurationList;
			buildConfigurations = (
				B59CB76421B66442009E02AE /* Debug */,
				B59CB76521B66442009E02AE /* Release */,
			);
			defaultConfigurationIsVisible = 0;
			defaultConfigurationName = Release;
		};
		B59CB76621B66442009E02AE /* Build configuration list for PBXNativeTarget "Letters2" */ = {
			isa = XCConfigurationList;
			buildConfigurations = (
				B59CB76721B66442009E02AE /* Debug */,
				B59CB76821B66442009E02AE /* Release */,
			);
			defaultConfigurationIsVisible = 0;
			defaultConfigurationName = Release;
		};
/* End XCConfigurationList section */
	};
	rootObject = B59CB74E21B6643F009E02AE /* Project object */;
}
